
Microsoft Visual Studio Solution File, Format Version 12.00
# Visual Studio Version 17
VisualStudioVersion = 17.1.32407.343
MinimumVisualStudioVersion = 10.0.40219.1
Project("{FAE04EC0-301F-11D3-BF4B-00C04F79EFBC}") = "EstagiariosWebApp", "EstagiariosWebApp\EstagiariosWebApp.csproj", "{03FD2917-A4F8-4372-9E6B-B0143CB924A5}"
EndProject
Global
	GlobalSection(SolutionConfigurationPlatforms) = preSolution
		Debug|Any CPU = Debug|Any CPU
		Release|Any CPU = Release|Any CPU
	EndGlobalSection
	GlobalSection(ProjectConfigurationPlatforms) = postSolution
		{03FD2917-A4F8-4372-9E6B-B0143CB924A5}.Debug|Any CPU.ActiveCfg = Debug|Any CPU
		{03FD2917-A4F8-4372-9E6B-B0143CB924A5}.Debug|Any CPU.Build.0 = Debug|Any CPU
		{03FD2917-A4F8-4372-9E6B-B0143CB924A5}.Release|Any CPU.ActiveCfg = Release|Any CPU
		{03FD2917-A4F8-4372-9E6B-B0143CB924A5}.Release|Any CPU.Build.0 = Release|Any CPU
	EndGlobalSection
	GlobalSection(SolutionProperties) = preSolution
		HideSolutionNode = FALSE
	EndGlobalSection
	GlobalSection(ExtensibilityGlobals) = postSolution
		SolutionGuid = {B9AB0F9F-D1CF-4717-BFBC-A25972F2F90F}
	EndGlobalSection
EndGlobal
